// !$*UTF8*$!
{
	archiveVersion = 1;
	classes = {
	};
	objectVersion = 56;
	objects = {

/* Begin PBXBuildFile section */
		3A39307F2AE07F28004CB6C9 /* Constants.swift in Sources */ = {isa = PBXBuildFile; fileRef = 3A39307E2AE07F28004CB6C9 /* Constants.swift */; };
		3A3930812AE081B3004CB6C9 /* LocalizedKey.swift in Sources */ = {isa = PBXBuildFile; fileRef = 3A3930802AE081B3004CB6C9 /* LocalizedKey.swift */; };
		3A3930842AE083B1004CB6C9 /* Alamofire in Frameworks */ = {isa = PBXBuildFile; productRef = 3A3930832AE083B1004CB6C9 /* Alamofire */; };
		3A5132212AE5954E00D865F5 /* README.md in Resources */ = {isa = PBXBuildFile; fileRef = 3A5132202AE5954E00D865F5 /* README.md */; };
		3A5132232AE598C600D865F5 /* LICENSE in Resources */ = {isa = PBXBuildFile; fileRef = 3A5132222AE598C600D865F5 /* LICENSE */; };
		3ACF5A9D2AE08FAB00FE50E5 /* Configurable.swift in Sources */ = {isa = PBXBuildFile; fileRef = 3ACF5A9C2AE08FAB00FE50E5 /* Configurable.swift */; };
		3ACF5A9F2AE091BD00FE50E5 /* SearchViewModel.swift in Sources */ = {isa = PBXBuildFile; fileRef = 3ACF5A9E2AE091BD00FE50E5 /* SearchViewModel.swift */; };
		3ACF5AA12AE093B500FE50E5 /* UIView+Anchors.swift in Sources */ = {isa = PBXBuildFile; fileRef = 3ACF5AA02AE093B500FE50E5 /* UIView+Anchors.swift */; };
		3ACF5AA42AE0949000FE50E5 /* Localizable.strings in Resources */ = {isa = PBXBuildFile; fileRef = 3ACF5AA62AE0949000FE50E5 /* Localizable.strings */; };
		3ACF5AAC2AE140FE00FE50E5 /* Kingfisher in Frameworks */ = {isa = PBXBuildFile; productRef = 3ACF5AAB2AE140FE00FE50E5 /* Kingfisher */; };
		3ACF5AB22AE1563000FE50E5 /* SearchTableViewCell.swift in Sources */ = {isa = PBXBuildFile; fileRef = 3ACF5AB12AE1563000FE50E5 /* SearchTableViewCell.swift */; };
		3ACF5AB42AE16FBC00FE50E5 /* NetworkManager.swift in Sources */ = {isa = PBXBuildFile; fileRef = 3ACF5AB32AE16FBC00FE50E5 /* NetworkManager.swift */; };
		3ACF5AB62AE1727B00FE50E5 /* NetworkError.swift in Sources */ = {isa = PBXBuildFile; fileRef = 3ACF5AB52AE1727B00FE50E5 /* NetworkError.swift */; };
		3ACF5AB82AE17AC600FE50E5 /* NetworkRequest.swift in Sources */ = {isa = PBXBuildFile; fileRef = 3ACF5AB72AE17AC600FE50E5 /* NetworkRequest.swift */; };
		3ACF5ABC2AE1975A00FE50E5 /* SortOption.swift in Sources */ = {isa = PBXBuildFile; fileRef = 3ACF5ABB2AE1975A00FE50E5 /* SortOption.swift */; };
		3ACF5ACB2AE1D5E500FE50E5 /* DetailsViewController.swift in Sources */ = {isa = PBXBuildFile; fileRef = 3ACF5ACA2AE1D5E500FE50E5 /* DetailsViewController.swift */; };
		3ACF5ACD2AE1D60F00FE50E5 /* DetailsViewModel.swift in Sources */ = {isa = PBXBuildFile; fileRef = 3ACF5ACC2AE1D60F00FE50E5 /* DetailsViewModel.swift */; };
		3ACF5AD12AE1D68C00FE50E5 /* PosterViewController.swift in Sources */ = {isa = PBXBuildFile; fileRef = 3ACF5AD02AE1D68C00FE50E5 /* PosterViewController.swift */; };
		3ACF5AD72AE1D83F00FE50E5 /* TrailerViewController.swift in Sources */ = {isa = PBXBuildFile; fileRef = 3ACF5AD62AE1D83F00FE50E5 /* TrailerViewController.swift */; };
		3ACF5ADB2AE2A16500FE50E5 /* RatingView.swift in Sources */ = {isa = PBXBuildFile; fileRef = 3ACF5ADA2AE2A16500FE50E5 /* RatingView.swift */; };
		3ACF5AE92AE2C23100FE50E5 /* APIMovie.swift in Sources */ = {isa = PBXBuildFile; fileRef = 3ACF5AE82AE2C23100FE50E5 /* APIMovie.swift */; };
		3ACF5AEB2AE2C23E00FE50E5 /* APIMovies.swift in Sources */ = {isa = PBXBuildFile; fileRef = 3ACF5AEA2AE2C23E00FE50E5 /* APIMovies.swift */; };
		3ACF5AED2AE2C26700FE50E5 /* APIMovieDetails.swift in Sources */ = {isa = PBXBuildFile; fileRef = 3ACF5AEC2AE2C26700FE50E5 /* APIMovieDetails.swift */; };
		3ACF5AEF2AE2C27600FE50E5 /* APICountries.swift in Sources */ = {isa = PBXBuildFile; fileRef = 3ACF5AEE2AE2C27600FE50E5 /* APICountries.swift */; };
		3ACF5AF12AE2C28B00FE50E5 /* APIVideos.swift in Sources */ = {isa = PBXBuildFile; fileRef = 3ACF5AF02AE2C28B00FE50E5 /* APIVideos.swift */; };
		3ACF5AF32AE2C29C00FE50E5 /* APIVideo.swift in Sources */ = {isa = PBXBuildFile; fileRef = 3ACF5AF22AE2C29C00FE50E5 /* APIVideo.swift */; };
		3ACF5AF52AE2C2A800FE50E5 /* APIGenre.swift in Sources */ = {isa = PBXBuildFile; fileRef = 3ACF5AF42AE2C2A800FE50E5 /* APIGenre.swift */; };
		3ACF5AF72AE2C2B800FE50E5 /* APIGenres.swift in Sources */ = {isa = PBXBuildFile; fileRef = 3ACF5AF62AE2C2B800FE50E5 /* APIGenres.swift */; };
		3ACF5AF92AE2C34600FE50E5 /* Movies.swift in Sources */ = {isa = PBXBuildFile; fileRef = 3ACF5AF82AE2C34600FE50E5 /* Movies.swift */; };
		3ACF5AFB2AE2C35200FE50E5 /* Movie.swift in Sources */ = {isa = PBXBuildFile; fileRef = 3ACF5AFA2AE2C35200FE50E5 /* Movie.swift */; };
		3ACF5B012AE2C38C00FE50E5 /* MovieDetails.swift in Sources */ = {isa = PBXBuildFile; fileRef = 3ACF5B002AE2C38C00FE50E5 /* MovieDetails.swift */; };
		3ACF5B062AE31F7700FE50E5 /* ImageSizeQuery.swift in Sources */ = {isa = PBXBuildFile; fileRef = 3ACF5B052AE31F7700FE50E5 /* ImageSizeQuery.swift */; };
		3ACF5B0A2AE43E1100FE50E5 /* UIView+Blur.swift in Sources */ = {isa = PBXBuildFile; fileRef = 3ACF5B092AE43E1100FE50E5 /* UIView+Blur.swift */; };
		3ACF5B102AE48B1400FE50E5 /* UIViewController+CloseButton.swift in Sources */ = {isa = PBXBuildFile; fileRef = 3ACF5B0F2AE48B1300FE50E5 /* UIViewController+CloseButton.swift */; };
		3ACF5B122AE491A600FE50E5 /* UIViewController+Blur.swift in Sources */ = {isa = PBXBuildFile; fileRef = 3ACF5B112AE491A600FE50E5 /* UIViewController+Blur.swift */; };
		3ACF5B162AE4984600FE50E5 /* MainCoordinator.swift in Sources */ = {isa = PBXBuildFile; fileRef = 3ACF5B152AE4984600FE50E5 /* MainCoordinator.swift */; };
		3ACF5B1D2AE54F6200FE50E5 /* NoPosterLabel.swift in Sources */ = {isa = PBXBuildFile; fileRef = 3ACF5B1C2AE54F6200FE50E5 /* NoPosterLabel.swift */; };
		3AD699052AE0775300657B16 /* AppDelegate.swift in Sources */ = {isa = PBXBuildFile; fileRef = 3AD699042AE0775300657B16 /* AppDelegate.swift */; };
		3AD699092AE0775300657B16 /* SearchViewController.swift in Sources */ = {isa = PBXBuildFile; fileRef = 3AD699082AE0775300657B16 /* SearchViewController.swift */; };
		3AD6990E2AE0775500657B16 /* Assets.xcassets in Resources */ = {isa = PBXBuildFile; fileRef = 3AD6990D2AE0775500657B16 /* Assets.xcassets */; };
		3AD699112AE0775500657B16 /* LaunchScreen.storyboard in Resources */ = {isa = PBXBuildFile; fileRef = 3AD6990F2AE0775500657B16 /* LaunchScreen.storyboard */; };
		3AE6E0C92AE5592400838191 /* Array+SafeElement.swift in Sources */ = {isa = PBXBuildFile; fileRef = 3AE6E0C82AE5592400838191 /* Array+SafeElement.swift */; };
/* End PBXBuildFile section */

/* Begin PBXFileReference section */
		3A39307E2AE07F28004CB6C9 /* Constants.swift */ = {isa = PBXFileReference; lastKnownFileType = sourcecode.swift; path = Constants.swift; sourceTree = "<group>"; };
		3A3930802AE081B3004CB6C9 /* LocalizedKey.swift */ = {isa = PBXFileReference; lastKnownFileType = sourcecode.swift; path = LocalizedKey.swift; sourceTree = "<group>"; };
		3A5132202AE5954E00D865F5 /* README.md */ = {isa = PBXFileReference; fileEncoding = 4; lastKnownFileType = net.daringfireball.markdown; path = README.md; sourceTree = "<group>"; };
		3A5132222AE598C600D865F5 /* LICENSE */ = {isa = PBXFileReference; fileEncoding = 4; lastKnownFileType = text; path = LICENSE; sourceTree = "<group>"; };
		3ACF5A9C2AE08FAB00FE50E5 /* Configurable.swift */ = {isa = PBXFileReference; lastKnownFileType = sourcecode.swift; path = Configurable.swift; sourceTree = "<group>"; };
		3ACF5A9E2AE091BD00FE50E5 /* SearchViewModel.swift */ = {isa = PBXFileReference; lastKnownFileType = sourcecode.swift; path = SearchViewModel.swift; sourceTree = "<group>"; };
		3ACF5AA02AE093B500FE50E5 /* UIView+Anchors.swift */ = {isa = PBXFileReference; lastKnownFileType = sourcecode.swift; path = "UIView+Anchors.swift"; sourceTree = "<group>"; };
		3ACF5AA52AE0949000FE50E5 /* en */ = {isa = PBXFileReference; lastKnownFileType = text.plist.strings; name = en; path = en.lproj/Localizable.strings; sourceTree = "<group>"; };
		3ACF5AA72AE0951100FE50E5 /* uk */ = {isa = PBXFileReference; lastKnownFileType = text.plist.strings; name = uk; path = uk.lproj/Localizable.strings; sourceTree = "<group>"; };
		3ACF5AB12AE1563000FE50E5 /* SearchTableViewCell.swift */ = {isa = PBXFileReference; lastKnownFileType = sourcecode.swift; path = SearchTableViewCell.swift; sourceTree = "<group>"; };
		3ACF5AB32AE16FBC00FE50E5 /* NetworkManager.swift */ = {isa = PBXFileReference; lastKnownFileType = sourcecode.swift; path = NetworkManager.swift; sourceTree = "<group>"; };
		3ACF5AB52AE1727B00FE50E5 /* NetworkError.swift */ = {isa = PBXFileReference; lastKnownFileType = sourcecode.swift; path = NetworkError.swift; sourceTree = "<group>"; };
		3ACF5AB72AE17AC600FE50E5 /* NetworkRequest.swift */ = {isa = PBXFileReference; lastKnownFileType = sourcecode.swift; path = NetworkRequest.swift; sourceTree = "<group>"; };
		3ACF5ABB2AE1975A00FE50E5 /* SortOption.swift */ = {isa = PBXFileReference; lastKnownFileType = sourcecode.swift; path = SortOption.swift; sourceTree = "<group>"; };
		3ACF5ACA2AE1D5E500FE50E5 /* DetailsViewController.swift */ = {isa = PBXFileReference; lastKnownFileType = sourcecode.swift; path = DetailsViewController.swift; sourceTree = "<group>"; };
		3ACF5ACC2AE1D60F00FE50E5 /* DetailsViewModel.swift */ = {isa = PBXFileReference; lastKnownFileType = sourcecode.swift; path = DetailsViewModel.swift; sourceTree = "<group>"; };
		3ACF5AD02AE1D68C00FE50E5 /* PosterViewController.swift */ = {isa = PBXFileReference; lastKnownFileType = sourcecode.swift; path = PosterViewController.swift; sourceTree = "<group>"; };
		3ACF5AD62AE1D83F00FE50E5 /* TrailerViewController.swift */ = {isa = PBXFileReference; lastKnownFileType = sourcecode.swift; path = TrailerViewController.swift; sourceTree = "<group>"; };
		3ACF5ADA2AE2A16500FE50E5 /* RatingView.swift */ = {isa = PBXFileReference; lastKnownFileType = sourcecode.swift; path = RatingView.swift; sourceTree = "<group>"; };
		3ACF5AE82AE2C23100FE50E5 /* APIMovie.swift */ = {isa = PBXFileReference; lastKnownFileType = sourcecode.swift; path = APIMovie.swift; sourceTree = "<group>"; };
		3ACF5AEA2AE2C23E00FE50E5 /* APIMovies.swift */ = {isa = PBXFileReference; lastKnownFileType = sourcecode.swift; path = APIMovies.swift; sourceTree = "<group>"; };
		3ACF5AEC2AE2C26700FE50E5 /* APIMovieDetails.swift */ = {isa = PBXFileReference; lastKnownFileType = sourcecode.swift; path = APIMovieDetails.swift; sourceTree = "<group>"; };
		3ACF5AEE2AE2C27600FE50E5 /* APICountries.swift */ = {isa = PBXFileReference; lastKnownFileType = sourcecode.swift; path = APICountries.swift; sourceTree = "<group>"; };
		3ACF5AF02AE2C28B00FE50E5 /* APIVideos.swift */ = {isa = PBXFileReference; lastKnownFileType = sourcecode.swift; path = APIVideos.swift; sourceTree = "<group>"; };
		3ACF5AF22AE2C29C00FE50E5 /* APIVideo.swift */ = {isa = PBXFileReference; lastKnownFileType = sourcecode.swift; path = APIVideo.swift; sourceTree = "<group>"; };
		3ACF5AF42AE2C2A800FE50E5 /* APIGenre.swift */ = {isa = PBXFileReference; lastKnownFileType = sourcecode.swift; path = APIGenre.swift; sourceTree = "<group>"; };
		3ACF5AF62AE2C2B800FE50E5 /* APIGenres.swift */ = {isa = PBXFileReference; lastKnownFileType = sourcecode.swift; path = APIGenres.swift; sourceTree = "<group>"; };
		3ACF5AF82AE2C34600FE50E5 /* Movies.swift */ = {isa = PBXFileReference; lastKnownFileType = sourcecode.swift; path = Movies.swift; sourceTree = "<group>"; };
		3ACF5AFA2AE2C35200FE50E5 /* Movie.swift */ = {isa = PBXFileReference; lastKnownFileType = sourcecode.swift; path = Movie.swift; sourceTree = "<group>"; };
		3ACF5B002AE2C38C00FE50E5 /* MovieDetails.swift */ = {isa = PBXFileReference; lastKnownFileType = sourcecode.swift; path = MovieDetails.swift; sourceTree = "<group>"; };
		3ACF5B052AE31F7700FE50E5 /* ImageSizeQuery.swift */ = {isa = PBXFileReference; lastKnownFileType = sourcecode.swift; path = ImageSizeQuery.swift; sourceTree = "<group>"; };
		3ACF5B092AE43E1100FE50E5 /* UIView+Blur.swift */ = {isa = PBXFileReference; lastKnownFileType = sourcecode.swift; path = "UIView+Blur.swift"; sourceTree = "<group>"; };
		3ACF5B0F2AE48B1300FE50E5 /* UIViewController+CloseButton.swift */ = {isa = PBXFileReference; lastKnownFileType = sourcecode.swift; path = "UIViewController+CloseButton.swift"; sourceTree = "<group>"; };
		3ACF5B112AE491A600FE50E5 /* UIViewController+Blur.swift */ = {isa = PBXFileReference; lastKnownFileType = sourcecode.swift; path = "UIViewController+Blur.swift"; sourceTree = "<group>"; };
		3ACF5B152AE4984600FE50E5 /* MainCoordinator.swift */ = {isa = PBXFileReference; lastKnownFileType = sourcecode.swift; path = MainCoordinator.swift; sourceTree = "<group>"; };
		3ACF5B1C2AE54F6200FE50E5 /* NoPosterLabel.swift */ = {isa = PBXFileReference; lastKnownFileType = sourcecode.swift; path = NoPosterLabel.swift; sourceTree = "<group>"; };
		3AD699012AE0775300657B16 /* Movies.app */ = {isa = PBXFileReference; explicitFileType = wrapper.application; includeInIndex = 0; path = Movies.app; sourceTree = BUILT_PRODUCTS_DIR; };
		3AD699042AE0775300657B16 /* AppDelegate.swift */ = {isa = PBXFileReference; lastKnownFileType = sourcecode.swift; path = AppDelegate.swift; sourceTree = "<group>"; };
		3AD699082AE0775300657B16 /* SearchViewController.swift */ = {isa = PBXFileReference; lastKnownFileType = sourcecode.swift; path = SearchViewController.swift; sourceTree = "<group>"; };
		3AD6990D2AE0775500657B16 /* Assets.xcassets */ = {isa = PBXFileReference; lastKnownFileType = folder.assetcatalog; path = Assets.xcassets; sourceTree = "<group>"; };
		3AD699102AE0775500657B16 /* Base */ = {isa = PBXFileReference; lastKnownFileType = file.storyboard; name = Base; path = Base.lproj/LaunchScreen.storyboard; sourceTree = "<group>"; };
		3AD699122AE0775500657B16 /* Info.plist */ = {isa = PBXFileReference; lastKnownFileType = text.plist.xml; path = Info.plist; sourceTree = "<group>"; };
		3AE6E0C82AE5592400838191 /* Array+SafeElement.swift */ = {isa = PBXFileReference; lastKnownFileType = sourcecode.swift; path = "Array+SafeElement.swift"; sourceTree = "<group>"; };
/* End PBXFileReference section */

/* Begin PBXFrameworksBuildPhase section */
		3AD698FE2AE0775300657B16 /* Frameworks */ = {
			isa = PBXFrameworksBuildPhase;
			buildActionMask = 2147483647;
			files = (
				3ACF5AAC2AE140FE00FE50E5 /* Kingfisher in Frameworks */,
				3A3930842AE083B1004CB6C9 /* Alamofire in Frameworks */,
			);
			runOnlyForDeploymentPostprocessing = 0;
		};
/* End PBXFrameworksBuildPhase section */

/* Begin PBXGroup section */
		3A3930852AE08602004CB6C9 /* Resources */ = {
			isa = PBXGroup;
			children = (
				3ACF5AE62AE2C05500FE50E5 /* Localization */,
				3AD6990D2AE0775500657B16 /* Assets.xcassets */,
				3AD6990F2AE0775500657B16 /* LaunchScreen.storyboard */,
				3AD699122AE0775500657B16 /* Info.plist */,
			);
			path = Resources;
			sourceTree = "<group>";
		};
		3ACF5A952AE0897000FE50E5 /* Utilities */ = {
			isa = PBXGroup;
			children = (
				3A39307E2AE07F28004CB6C9 /* Constants.swift */,
			);
			path = Utilities;
			sourceTree = "<group>";
		};
		3ACF5A992AE089D800FE50E5 /* Services */ = {
			isa = PBXGroup;
			children = (
				3ACF5AE42AE2BFAC00FE50E5 /* Network */,
			);
			path = Services;
			sourceTree = "<group>";
		};
		3ACF5A9A2AE08F4200FE50E5 /* Extensions */ = {
			isa = PBXGroup;
			children = (
				3ACF5AA02AE093B500FE50E5 /* UIView+Anchors.swift */,
				3ACF5B092AE43E1100FE50E5 /* UIView+Blur.swift */,
				3ACF5B0F2AE48B1300FE50E5 /* UIViewController+CloseButton.swift */,
				3ACF5B112AE491A600FE50E5 /* UIViewController+Blur.swift */,
				3AE6E0C82AE5592400838191 /* Array+SafeElement.swift */,
			);
			path = Extensions;
			sourceTree = "<group>";
		};
		3ACF5A9B2AE08F5E00FE50E5 /* Protocols */ = {
			isa = PBXGroup;
			children = (
				3ACF5A9C2AE08FAB00FE50E5 /* Configurable.swift */,
			);
			path = Protocols;
			sourceTree = "<group>";
		};
		3ACF5ADD2AE2BEA800FE50E5 /* Presentation */ = {
			isa = PBXGroup;
			children = (
				3ACF5B152AE4984600FE50E5 /* MainCoordinator.swift */,
				3ACF5ADE2AE2BEB700FE50E5 /* SearchScene */,
				3ACF5AFC2AE2C36500FE50E5 /* DetailsScene */,
				3ACF5B0D2AE487EB00FE50E5 /* TrailerScene */,
				3ACF5B132AE492B900FE50E5 /* PosterScene */,
				3ACF5AE22AE2BF4B00FE50E5 /* Shared */,
			);
			path = Presentation;
			sourceTree = "<group>";
		};
		3ACF5ADE2AE2BEB700FE50E5 /* SearchScene */ = {
			isa = PBXGroup;
			children = (
				3ACF5ADF2AE2BEC500FE50E5 /* Models */,
				3ACF5AE12AE2BED100FE50E5 /* Views */,
				3ACF5AE02AE2BECA00FE50E5 /* ViewModels */,
			);
			path = SearchScene;
			sourceTree = "<group>";
		};
		3ACF5ADF2AE2BEC500FE50E5 /* Models */ = {
			isa = PBXGroup;
			children = (
				3ACF5ABB2AE1975A00FE50E5 /* SortOption.swift */,
				3ACF5B052AE31F7700FE50E5 /* ImageSizeQuery.swift */,
				3ACF5AF82AE2C34600FE50E5 /* Movies.swift */,
				3ACF5AFA2AE2C35200FE50E5 /* Movie.swift */,
			);
			path = Models;
			sourceTree = "<group>";
		};
		3ACF5AE02AE2BECA00FE50E5 /* ViewModels */ = {
			isa = PBXGroup;
			children = (
				3ACF5A9E2AE091BD00FE50E5 /* SearchViewModel.swift */,
			);
			path = ViewModels;
			sourceTree = "<group>";
		};
		3ACF5AE12AE2BED100FE50E5 /* Views */ = {
			isa = PBXGroup;
			children = (
				3AD699082AE0775300657B16 /* SearchViewController.swift */,
				3ACF5AB12AE1563000FE50E5 /* SearchTableViewCell.swift */,
			);
			path = Views;
			sourceTree = "<group>";
		};
		3ACF5AE22AE2BF4B00FE50E5 /* Shared */ = {
			isa = PBXGroup;
			children = (
				3ACF5AE32AE2BF4F00FE50E5 /* Views */,
			);
			path = Shared;
			sourceTree = "<group>";
		};
		3ACF5AE32AE2BF4F00FE50E5 /* Views */ = {
			isa = PBXGroup;
			children = (
				3ACF5ADA2AE2A16500FE50E5 /* RatingView.swift */,
				3ACF5B1C2AE54F6200FE50E5 /* NoPosterLabel.swift */,
			);
			path = Views;
			sourceTree = "<group>";
		};
		3ACF5AE42AE2BFAC00FE50E5 /* Network */ = {
			isa = PBXGroup;
			children = (
				3ACF5AB32AE16FBC00FE50E5 /* NetworkManager.swift */,
				3ACF5AB72AE17AC600FE50E5 /* NetworkRequest.swift */,
				3ACF5AB52AE1727B00FE50E5 /* NetworkError.swift */,
				3ACF5AE52AE2BFB500FE50E5 /* Models */,
			);
			path = Network;
			sourceTree = "<group>";
		};
		3ACF5AE52AE2BFB500FE50E5 /* Models */ = {
			isa = PBXGroup;
			children = (
				3ACF5AEA2AE2C23E00FE50E5 /* APIMovies.swift */,
				3ACF5AE82AE2C23100FE50E5 /* APIMovie.swift */,
				3ACF5AEC2AE2C26700FE50E5 /* APIMovieDetails.swift */,
				3ACF5AEE2AE2C27600FE50E5 /* APICountries.swift */,
				3ACF5AF02AE2C28B00FE50E5 /* APIVideos.swift */,
				3ACF5AF22AE2C29C00FE50E5 /* APIVideo.swift */,
				3ACF5AF62AE2C2B800FE50E5 /* APIGenres.swift */,
				3ACF5AF42AE2C2A800FE50E5 /* APIGenre.swift */,
			);
			path = Models;
			sourceTree = "<group>";
		};
		3ACF5AE62AE2C05500FE50E5 /* Localization */ = {
			isa = PBXGroup;
			children = (
				3A3930802AE081B3004CB6C9 /* LocalizedKey.swift */,
				3ACF5AA62AE0949000FE50E5 /* Localizable.strings */,
			);
			path = Localization;
			sourceTree = "<group>";
		};
		3ACF5AFC2AE2C36500FE50E5 /* DetailsScene */ = {
			isa = PBXGroup;
			children = (
				3ACF5AFF2AE2C38000FE50E5 /* Models */,
				3ACF5AFE2AE2C37A00FE50E5 /* Views */,
				3ACF5AFD2AE2C37400FE50E5 /* ViewModels */,
			);
			path = DetailsScene;
			sourceTree = "<group>";
		};
		3ACF5AFD2AE2C37400FE50E5 /* ViewModels */ = {
			isa = PBXGroup;
			children = (
				3ACF5ACC2AE1D60F00FE50E5 /* DetailsViewModel.swift */,
			);
			path = ViewModels;
			sourceTree = "<group>";
		};
		3ACF5AFE2AE2C37A00FE50E5 /* Views */ = {
			isa = PBXGroup;
			children = (
				3ACF5ACA2AE1D5E500FE50E5 /* DetailsViewController.swift */,
			);
			path = Views;
			sourceTree = "<group>";
		};
		3ACF5AFF2AE2C38000FE50E5 /* Models */ = {
			isa = PBXGroup;
			children = (
				3ACF5B002AE2C38C00FE50E5 /* MovieDetails.swift */,
			);
			path = Models;
			sourceTree = "<group>";
		};
		3ACF5B0D2AE487EB00FE50E5 /* TrailerScene */ = {
			isa = PBXGroup;
			children = (
				3ACF5B0E2AE487F600FE50E5 /* Views */,
			);
			path = TrailerScene;
			sourceTree = "<group>";
		};
		3ACF5B0E2AE487F600FE50E5 /* Views */ = {
			isa = PBXGroup;
			children = (
				3ACF5AD62AE1D83F00FE50E5 /* TrailerViewController.swift */,
			);
			path = Views;
			sourceTree = "<group>";
		};
		3ACF5B132AE492B900FE50E5 /* PosterScene */ = {
			isa = PBXGroup;
			children = (
				3ACF5B142AE492C500FE50E5 /* Views */,
			);
			path = PosterScene;
			sourceTree = "<group>";
		};
		3ACF5B142AE492C500FE50E5 /* Views */ = {
			isa = PBXGroup;
			children = (
				3ACF5AD02AE1D68C00FE50E5 /* PosterViewController.swift */,
			);
			path = Views;
			sourceTree = "<group>";
		};
		3ACF5B192AE4A72900FE50E5 /* App */ = {
			isa = PBXGroup;
			children = (
				3AD699042AE0775300657B16 /* AppDelegate.swift */,
			);
			path = App;
			sourceTree = "<group>";
		};
		3AD698F82AE0775300657B16 = {
			isa = PBXGroup;
			children = (
				3A5132222AE598C600D865F5 /* LICENSE */,
				3A5132202AE5954E00D865F5 /* README.md */,
				3AD699032AE0775300657B16 /* Movies */,
				3AD699022AE0775300657B16 /* Products */,
			);
			sourceTree = "<group>";
		};
		3AD699022AE0775300657B16 /* Products */ = {
			isa = PBXGroup;
			children = (
				3AD699012AE0775300657B16 /* Movies.app */,
			);
			name = Products;
			sourceTree = "<group>";
		};
		3AD699032AE0775300657B16 /* Movies */ = {
			isa = PBXGroup;
			children = (
				3A5132222AE598C600D865F5 /* LICENSE */,
				3A5132202AE5954E00D865F5 /* README.md */,
				3ACF5B192AE4A72900FE50E5 /* App */,
				3ACF5ADD2AE2BEA800FE50E5 /* Presentation */,
				3ACF5A992AE089D800FE50E5 /* Services */,
				3ACF5A952AE0897000FE50E5 /* Utilities */,
				3ACF5A9A2AE08F4200FE50E5 /* Extensions */,
				3ACF5A9B2AE08F5E00FE50E5 /* Protocols */,
				3A3930852AE08602004CB6C9 /* Resources */,
			);
			path = Movies;
			sourceTree = "<group>";
		};
/* End PBXGroup section */

/* Begin PBXNativeTarget section */
		3AD699002AE0775300657B16 /* Movies */ = {
			isa = PBXNativeTarget;
			buildConfigurationList = 3AD699152AE0775500657B16 /* Build configuration list for PBXNativeTarget "Movies" */;
			buildPhases = (
				3AD698FD2AE0775300657B16 /* Sources */,
				3AD698FE2AE0775300657B16 /* Frameworks */,
				3AD698FF2AE0775300657B16 /* Resources */,
			);
			buildRules = (
			);
			dependencies = (
			);
			name = Movies;
			packageProductDependencies = (
				3A3930832AE083B1004CB6C9 /* Alamofire */,
				3ACF5AAB2AE140FE00FE50E5 /* Kingfisher */,
			);
			productName = Movies;
			productReference = 3AD699012AE0775300657B16 /* Movies.app */;
			productType = "com.apple.product-type.application";
		};
/* End PBXNativeTarget section */

/* Begin PBXProject section */
		3AD698F92AE0775300657B16 /* Project object */ = {
			isa = PBXProject;
			attributes = {
				BuildIndependentTargetsInParallel = 1;
				LastSwiftUpdateCheck = 1420;
				LastUpgradeCheck = 1500;
				TargetAttributes = {
					3AD699002AE0775300657B16 = {
						CreatedOnToolsVersion = 14.2;
					};
				};
			};
			buildConfigurationList = 3AD698FC2AE0775300657B16 /* Build configuration list for PBXProject "Movies" */;
			compatibilityVersion = "Xcode 14.0";
			developmentRegion = en;
			hasScannedForEncodings = 0;
			knownRegions = (
				en,
				Base,
				uk,
			);
			mainGroup = 3AD698F82AE0775300657B16;
			packageReferences = (
				3A3930822AE083B1004CB6C9 /* XCRemoteSwiftPackageReference "Alamofire" */,
				3ACF5AAA2AE140FE00FE50E5 /* XCRemoteSwiftPackageReference "Kingfisher" */,
			);
			productRefGroup = 3AD699022AE0775300657B16 /* Products */;
			projectDirPath = "";
			projectRoot = "";
			targets = (
				3AD699002AE0775300657B16 /* Movies */,
			);
		};
/* End PBXProject section */

/* Begin PBXResourcesBuildPhase section */
		3AD698FF2AE0775300657B16 /* Resources */ = {
			isa = PBXResourcesBuildPhase;
			buildActionMask = 2147483647;
			files = (
				3AD699112AE0775500657B16 /* LaunchScreen.storyboard in Resources */,
				3ACF5AA42AE0949000FE50E5 /* Localizable.strings in Resources */,
				3A5132212AE5954E00D865F5 /* README.md in Resources */,
				3AD6990E2AE0775500657B16 /* Assets.xcassets in Resources */,
				3A5132232AE598C600D865F5 /* LICENSE in Resources */,
			);
			runOnlyForDeploymentPostprocessing = 0;
		};
/* End PBXResourcesBuildPhase section */

/* Begin PBXSourcesBuildPhase section */
		3AD698FD2AE0775300657B16 /* Sources */ = {
			isa = PBXSourcesBuildPhase;
			buildActionMask = 2147483647;
			files = (
				3ACF5B102AE48B1400FE50E5 /* UIViewController+CloseButton.swift in Sources */,
				3ACF5A9F2AE091BD00FE50E5 /* SearchViewModel.swift in Sources */,
				3ACF5AE92AE2C23100FE50E5 /* APIMovie.swift in Sources */,
				3ACF5ACB2AE1D5E500FE50E5 /* DetailsViewController.swift in Sources */,
				3ACF5AD12AE1D68C00FE50E5 /* PosterViewController.swift in Sources */,
				3ACF5A9D2AE08FAB00FE50E5 /* Configurable.swift in Sources */,
				3AD699092AE0775300657B16 /* SearchViewController.swift in Sources */,
				3ACF5AF12AE2C28B00FE50E5 /* APIVideos.swift in Sources */,
				3ACF5ADB2AE2A16500FE50E5 /* RatingView.swift in Sources */,
				3ACF5B062AE31F7700FE50E5 /* ImageSizeQuery.swift in Sources */,
				3ACF5B162AE4984600FE50E5 /* MainCoordinator.swift in Sources */,
				3ACF5B0A2AE43E1100FE50E5 /* UIView+Blur.swift in Sources */,
				3ACF5AF52AE2C2A800FE50E5 /* APIGenre.swift in Sources */,
				3ACF5ACD2AE1D60F00FE50E5 /* DetailsViewModel.swift in Sources */,
				3ACF5AEF2AE2C27600FE50E5 /* APICountries.swift in Sources */,
				3ACF5AFB2AE2C35200FE50E5 /* Movie.swift in Sources */,
				3A3930812AE081B3004CB6C9 /* LocalizedKey.swift in Sources */,
				3AE6E0C92AE5592400838191 /* Array+SafeElement.swift in Sources */,
				3ACF5AB42AE16FBC00FE50E5 /* NetworkManager.swift in Sources */,
				3AD699052AE0775300657B16 /* AppDelegate.swift in Sources */,
				3ACF5AF72AE2C2B800FE50E5 /* APIGenres.swift in Sources */,
				3ACF5AB82AE17AC600FE50E5 /* NetworkRequest.swift in Sources */,
				3A39307F2AE07F28004CB6C9 /* Constants.swift in Sources */,
				3ACF5B122AE491A600FE50E5 /* UIViewController+Blur.swift in Sources */,
				3ACF5AEB2AE2C23E00FE50E5 /* APIMovies.swift in Sources */,
				3ACF5AED2AE2C26700FE50E5 /* APIMovieDetails.swift in Sources */,
				3ACF5B1D2AE54F6200FE50E5 /* NoPosterLabel.swift in Sources */,
				3ACF5AD72AE1D83F00FE50E5 /* TrailerViewController.swift in Sources */,
				3ACF5AF92AE2C34600FE50E5 /* Movies.swift in Sources */,
				3ACF5ABC2AE1975A00FE50E5 /* SortOption.swift in Sources */,
				3ACF5AF32AE2C29C00FE50E5 /* APIVideo.swift in Sources */,
				3ACF5AA12AE093B500FE50E5 /* UIView+Anchors.swift in Sources */,
				3ACF5AB62AE1727B00FE50E5 /* NetworkError.swift in Sources */,
				3ACF5AB22AE1563000FE50E5 /* SearchTableViewCell.swift in Sources */,
				3ACF5B012AE2C38C00FE50E5 /* MovieDetails.swift in Sources */,
			);
			runOnlyForDeploymentPostprocessing = 0;
		};
/* End PBXSourcesBuildPhase section */

/* Begin PBXVariantGroup section */
		3ACF5AA62AE0949000FE50E5 /* Localizable.strings */ = {
			isa = PBXVariantGroup;
			children = (
				3ACF5AA52AE0949000FE50E5 /* en */,
				3ACF5AA72AE0951100FE50E5 /* uk */,
			);
			name = Localizable.strings;
			sourceTree = "<group>";
		};
		3AD6990F2AE0775500657B16 /* LaunchScreen.storyboard */ = {
			isa = PBXVariantGroup;
			children = (
				3AD699102AE0775500657B16 /* Base */,
			);
			name = LaunchScreen.storyboard;
			sourceTree = "<group>";
		};
/* End PBXVariantGroup section */

/* Begin XCBuildConfiguration section */
		3AD699132AE0775500657B16 /* Debug */ = {
			isa = XCBuildConfiguration;
			buildSettings = {
				ALWAYS_SEARCH_USER_PATHS = NO;
				CLANG_ANALYZER_LOCALIZABILITY_NONLOCALIZED = YES;
				CLANG_ANALYZER_NONNULL = YES;
				CLANG_ANALYZER_NUMBER_OBJECT_CONVERSION = YES_AGGRESSIVE;
				CLANG_CXX_LANGUAGE_STANDARD = "gnu++20";
				CLANG_ENABLE_MODULES = YES;
				CLANG_ENABLE_OBJC_ARC = YES;
				CLANG_ENABLE_OBJC_WEAK = YES;
				CLANG_WARN_BLOCK_CAPTURE_AUTORELEASING = YES;
				CLANG_WARN_BOOL_CONVERSION = YES;
				CLANG_WARN_COMMA = YES;
				CLANG_WARN_CONSTANT_CONVERSION = YES;
				CLANG_WARN_DEPRECATED_OBJC_IMPLEMENTATIONS = YES;
				CLANG_WARN_DIRECT_OBJC_ISA_USAGE = YES_ERROR;
				CLANG_WARN_DOCUMENTATION_COMMENTS = YES;
				CLANG_WARN_EMPTY_BODY = YES;
				CLANG_WARN_ENUM_CONVERSION = YES;
				CLANG_WARN_INFINITE_RECURSION = YES;
				CLANG_WARN_INT_CONVERSION = YES;
				CLANG_WARN_NON_LITERAL_NULL_CONVERSION = YES;
				CLANG_WARN_OBJC_IMPLICIT_RETAIN_SELF = YES;
				CLANG_WARN_OBJC_LITERAL_CONVERSION = YES;
				CLANG_WARN_OBJC_ROOT_CLASS = YES_ERROR;
				CLANG_WARN_QUOTED_INCLUDE_IN_FRAMEWORK_HEADER = YES;
				CLANG_WARN_RANGE_LOOP_ANALYSIS = YES;
				CLANG_WARN_STRICT_PROTOTYPES = YES;
				CLANG_WARN_SUSPICIOUS_MOVE = YES;
				CLANG_WARN_UNGUARDED_AVAILABILITY = YES_AGGRESSIVE;
				CLANG_WARN_UNREACHABLE_CODE = YES;
				CLANG_WARN__DUPLICATE_METHOD_MATCH = YES;
				COPY_PHASE_STRIP = NO;
				DEBUG_INFORMATION_FORMAT = dwarf;
				ENABLE_STRICT_OBJC_MSGSEND = YES;
				ENABLE_TESTABILITY = YES;
				GCC_C_LANGUAGE_STANDARD = gnu11;
				GCC_DYNAMIC_NO_PIC = NO;
				GCC_NO_COMMON_BLOCKS = YES;
				GCC_OPTIMIZATION_LEVEL = 0;
				GCC_PREPROCESSOR_DEFINITIONS = (
					"DEBUG=1",
					"$(inherited)",
				);
				GCC_WARN_64_TO_32_BIT_CONVERSION = YES;
				GCC_WARN_ABOUT_RETURN_TYPE = YES_ERROR;
				GCC_WARN_UNDECLARED_SELECTOR = YES;
				GCC_WARN_UNINITIALIZED_AUTOS = YES_AGGRESSIVE;
				GCC_WARN_UNUSED_FUNCTION = YES;
				GCC_WARN_UNUSED_VARIABLE = YES;
				IPHONEOS_DEPLOYMENT_TARGET = 16.2;
				MTL_ENABLE_DEBUG_INFO = INCLUDE_SOURCE;
				MTL_FAST_MATH = YES;
				ONLY_ACTIVE_ARCH = YES;
				SDKROOT = iphoneos;
				SWIFT_ACTIVE_COMPILATION_CONDITIONS = DEBUG;
				SWIFT_OPTIMIZATION_LEVEL = "-Onone";
			};
			name = Debug;
		};
		3AD699142AE0775500657B16 /* Release */ = {
			isa = XCBuildConfiguration;
			buildSettings = {
				ALWAYS_SEARCH_USER_PATHS = NO;
				CLANG_ANALYZER_LOCALIZABILITY_NONLOCALIZED = YES;
				CLANG_ANALYZER_NONNULL = YES;
				CLANG_ANALYZER_NUMBER_OBJECT_CONVERSION = YES_AGGRESSIVE;
				CLANG_CXX_LANGUAGE_STANDARD = "gnu++20";
				CLANG_ENABLE_MODULES = YES;
				CLANG_ENABLE_OBJC_ARC = YES;
				CLANG_ENABLE_OBJC_WEAK = YES;
				CLANG_WARN_BLOCK_CAPTURE_AUTORELEASING = YES;
				CLANG_WARN_BOOL_CONVERSION = YES;
				CLANG_WARN_COMMA = YES;
				CLANG_WARN_CONSTANT_CONVERSION = YES;
				CLANG_WARN_DEPRECATED_OBJC_IMPLEMENTATIONS = YES;
				CLANG_WARN_DIRECT_OBJC_ISA_USAGE = YES_ERROR;
				CLANG_WARN_DOCUMENTATION_COMMENTS = YES;
				CLANG_WARN_EMPTY_BODY = YES;
				CLANG_WARN_ENUM_CONVERSION = YES;
				CLANG_WARN_INFINITE_RECURSION = YES;
				CLANG_WARN_INT_CONVERSION = YES;
				CLANG_WARN_NON_LITERAL_NULL_CONVERSION = YES;
				CLANG_WARN_OBJC_IMPLICIT_RETAIN_SELF = YES;
				CLANG_WARN_OBJC_LITERAL_CONVERSION = YES;
				CLANG_WARN_OBJC_ROOT_CLASS = YES_ERROR;
				CLANG_WARN_QUOTED_INCLUDE_IN_FRAMEWORK_HEADER = YES;
				CLANG_WARN_RANGE_LOOP_ANALYSIS = YES;
				CLANG_WARN_STRICT_PROTOTYPES = YES;
				CLANG_WARN_SUSPICIOUS_MOVE = YES;
				CLANG_WARN_UNGUARDED_AVAILABILITY = YES_AGGRESSIVE;
				CLANG_WARN_UNREACHABLE_CODE = YES;
				CLANG_WARN__DUPLICATE_METHOD_MATCH = YES;
				COPY_PHASE_STRIP = NO;
				DEBUG_INFORMATION_FORMAT = "dwarf-with-dsym";
				ENABLE_NS_ASSERTIONS = NO;
				ENABLE_STRICT_OBJC_MSGSEND = YES;
				GCC_C_LANGUAGE_STANDARD = gnu11;
				GCC_NO_COMMON_BLOCKS = YES;
				GCC_WARN_64_TO_32_BIT_CONVERSION = YES;
				GCC_WARN_ABOUT_RETURN_TYPE = YES_ERROR;
				GCC_WARN_UNDECLARED_SELECTOR = YES;
				GCC_WARN_UNINITIALIZED_AUTOS = YES_AGGRESSIVE;
				GCC_WARN_UNUSED_FUNCTION = YES;
				GCC_WARN_UNUSED_VARIABLE = YES;
				IPHONEOS_DEPLOYMENT_TARGET = 16.2;
				MTL_ENABLE_DEBUG_INFO = NO;
				MTL_FAST_MATH = YES;
				SDKROOT = iphoneos;
				SWIFT_COMPILATION_MODE = wholemodule;
				SWIFT_OPTIMIZATION_LEVEL = "-O";
				VALIDATE_PRODUCT = YES;
			};
			name = Release;
		};
		3AD699162AE0775500657B16 /* Debug */ = {
			isa = XCBuildConfiguration;
			buildSettings = {
				ASSETCATALOG_COMPILER_APPICON_NAME = AppIcon;
				ASSETCATALOG_COMPILER_GLOBAL_ACCENT_COLOR_NAME = AccentColor;
				CODE_SIGN_STYLE = Automatic;
				CURRENT_PROJECT_VERSION = 1;
				DEVELOPMENT_TEAM = 9PF2GLF6PD;
				GENERATE_INFOPLIST_FILE = YES;
				INFOPLIST_FILE = Movies/Resources/Info.plist;
				INFOPLIST_KEY_UIApplicationSupportsIndirectInputEvents = YES;
				INFOPLIST_KEY_UILaunchStoryboardName = LaunchScreen;
				INFOPLIST_KEY_UIRequiresFullScreen = YES;
				INFOPLIST_KEY_UISupportedInterfaceOrientations = UIInterfaceOrientationPortrait;
				INFOPLIST_KEY_UISupportedInterfaceOrientations_iPad = "UIInterfaceOrientationPortrait UIInterfaceOrientationPortraitUpsideDown";
				IPHONEOS_DEPLOYMENT_TARGET = 15;
				LD_RUNPATH_SEARCH_PATHS = (
					"$(inherited)",
					"@executable_path/Frameworks",
				);
				MARKETING_VERSION = 1.0;
				PRODUCT_BUNDLE_IDENTIFIER = beavean.Movies;
				PRODUCT_NAME = "$(TARGET_NAME)";
				SUPPORTED_PLATFORMS = "iphoneos iphonesimulator";
				SUPPORTS_MACCATALYST = NO;
				SUPPORTS_MAC_DESIGNED_FOR_IPHONE_IPAD = NO;
				SWIFT_EMIT_LOC_STRINGS = YES;
				SWIFT_VERSION = 5.0;
				TARGETED_DEVICE_FAMILY = "1,2";
			};
			name = Debug;
		};
		3AD699172AE0775500657B16 /* Release */ = {
			isa = XCBuildConfiguration;
			buildSettings = {
				ASSETCATALOG_COMPILER_APPICON_NAME = AppIcon;
				ASSETCATALOG_COMPILER_GLOBAL_ACCENT_COLOR_NAME = AccentColor;
				CODE_SIGN_STYLE = Automatic;
				CURRENT_PROJECT_VERSION = 1;
				DEVELOPMENT_TEAM = 9PF2GLF6PD;
				GENERATE_INFOPLIST_FILE = YES;
				INFOPLIST_FILE = Movies/Resources/Info.plist;
				INFOPLIST_KEY_UIApplicationSupportsIndirectInputEvents = YES;
				INFOPLIST_KEY_UILaunchStoryboardName = LaunchScreen;
				INFOPLIST_KEY_UIRequiresFullScreen = YES;
				INFOPLIST_KEY_UISupportedInterfaceOrientations = UIInterfaceOrientationPortrait;
				INFOPLIST_KEY_UISupportedInterfaceOrientations_iPad = "UIInterfaceOrientationPortrait UIInterfaceOrientationPortraitUpsideDown";
				IPHONEOS_DEPLOYMENT_TARGET = 15;
				LD_RUNPATH_SEARCH_PATHS = (
					"$(inherited)",
					"@executable_path/Frameworks",
				);
				MARKETING_VERSION = 1.0;
				PRODUCT_BUNDLE_IDENTIFIER = beavean.Movies;
				PRODUCT_NAME = "$(TARGET_NAME)";
				SUPPORTED_PLATFORMS = "iphoneos iphonesimulator";
				SUPPORTS_MACCATALYST = NO;
				SUPPORTS_MAC_DESIGNED_FOR_IPHONE_IPAD = NO;
				SWIFT_EMIT_LOC_STRINGS = YES;
				SWIFT_VERSION = 5.0;
				TARGETED_DEVICE_FAMILY = "1,2";
			};
			name = Release;
		};
/* End XCBuildConfiguration section */

/* Begin XCConfigurationList section */
		3AD698FC2AE0775300657B16 /* Build configuration list for PBXProject "Movies" */ = {
			isa = XCConfigurationList;
			buildConfigurations = (
				3AD699132AE0775500657B16 /* Debug */,
				3AD699142AE0775500657B16 /* Release */,
			);
			defaultConfigurationIsVisible = 0;
			defaultConfigurationName = Release;
		};
		3AD699152AE0775500657B16 /* Build configuration list for PBXNativeTarget "Movies" */ = {
			isa = XCConfigurationList;
			buildConfigurations = (
				3AD699162AE0775500657B16 /* Debug */,
				3AD699172AE0775500657B16 /* Release */,
			);
			defaultConfigurationIsVisible = 0;
			defaultConfigurationName = Release;
		};
/* End XCConfigurationList section */

/* Begin XCRemoteSwiftPackageReference section */
		3A3930822AE083B1004CB6C9 /* XCRemoteSwiftPackageReference "Alamofire" */ = {
			isa = XCRemoteSwiftPackageReference;
			repositoryURL = "https://github.com/Alamofire/Alamofire";
			requirement = {
				kind = upToNextMinorVersion;
				minimumVersion = 5.8.0;
			};
		};
		3ACF5AAA2AE140FE00FE50E5 /* XCRemoteSwiftPackageReference "Kingfisher" */ = {
			isa = XCRemoteSwiftPackageReference;
			repositoryURL = "https://github.com/onevcat/Kingfisher";
			requirement = {
				kind = upToNextMinorVersion;
				minimumVersion = 7.9.0;
			};
		};
/* End XCRemoteSwiftPackageReference section */

/* Begin XCSwiftPackageProductDependency section */
		3A3930832AE083B1004CB6C9 /* Alamofire */ = {
			isa = XCSwiftPackageProductDependency;
			package = 3A3930822AE083B1004CB6C9 /* XCRemoteSwiftPackageReference "Alamofire" */;
			productName = Alamofire;
		};
		3ACF5AAB2AE140FE00FE50E5 /* Kingfisher */ = {
			isa = XCSwiftPackageProductDependency;
			package = 3ACF5AAA2AE140FE00FE50E5 /* XCRemoteSwiftPackageReference "Kingfisher" */;
			productName = Kingfisher;
		};
/* End XCSwiftPackageProductDependency section */
	};
	rootObject = 3AD698F92AE0775300657B16 /* Project object */;
}
